
Microsoft Visual Studio Solution File, Format Version 12.00
# Visual Studio Version 16
VisualStudioVersion = 16.0.30804.86
MinimumVisualStudioVersion = 10.0.40219.1
Project("{FAE04EC0-301F-11D3-BF4B-00C04F79EFBC}") = "GenericRepository", "GenericRepository\GenericRepository.csproj", "{7C257DE1-B5EC-478F-8661-47EDBC94C9D3}"
EndProject
Project("{2150E333-8FDC-42A3-9474-1A3956D46DE8}") = "Demo", "Demo", "{AC4CFB4D-1FE1-4496-A2E7-1B03F38D79A9}"
EndProject
Project("{FAE04EC0-301F-11D3-BF4B-00C04F79EFBC}") = "DemoApp", "DemoApp\DemoApp.csproj", "{0B37B460-08D4-4DC5-B2F9-D20EFD462C2E}"
EndProject
Global
	GlobalSection(SolutionConfigurationPlatforms) = preSolution
		Debug|Any CPU = Debug|Any CPU
		Release|Any CPU = Release|Any CPU
	EndGlobalSection
	GlobalSection(ProjectConfigurationPlatforms) = postSolution
		{7C257DE1-B5EC-478F-8661-47EDBC94C9D3}.Debug|Any CPU.ActiveCfg = Debug|Any CPU
		{7C257DE1-B5EC-478F-8661-47EDBC94C9D3}.Debug|Any CPU.Build.0 = Debug|Any CPU
		{7C257DE1-B5EC-478F-8661-47EDBC94C9D3}.Release|Any CPU.ActiveCfg = Release|Any CPU
		{7C257DE1-B5EC-478F-8661-47EDBC94C9D3}.Release|Any CPU.Build.0 = Release|Any CPU
		{0B37B460-08D4-4DC5-B2F9-D20EFD462C2E}.Debug|Any CPU.ActiveCfg = Debug|Any CPU
		{0B37B460-08D4-4DC5-B2F9-D20EFD462C2E}.Debug|Any CPU.Build.0 = Debug|Any CPU
		{0B37B460-08D4-4DC5-B2F9-D20EFD462C2E}.Release|Any CPU.ActiveCfg = Release|Any CPU
		{0B37B460-08D4-4DC5-B2F9-D20EFD462C2E}.Release|Any CPU.Build.0 = Release|Any CPU
	EndGlobalSection
	GlobalSection(SolutionProperties) = preSolution
		HideSolutionNode = FALSE
	EndGlobalSection
	GlobalSection(NestedProjects) = preSolution
		{0B37B460-08D4-4DC5-B2F9-D20EFD462C2E} = {AC4CFB4D-1FE1-4496-A2E7-1B03F38D79A9}
	EndGlobalSection
	GlobalSection(ExtensibilityGlobals) = postSolution
		SolutionGuid = {8266B51A-1307-4407-BC93-95C5661548F3}
	EndGlobalSection
EndGlobal
